
Microsoft Visual Studio Solution File, Format Version 12.00
# Visual Studio Version 17
VisualStudioVersion = 17.14.36109.1 d17.14
MinimumVisualStudioVersion = 10.0.40219.1
Project("{FAE04EC0-301F-11D3-BF4B-00C04F79EFBC}") = "DTOs", "DTOs\DTOs.csproj", "{4BDDA337-1AAB-42C1-AE81-0424FF9CB932}"
EndProject
Project("{2150E333-8FDC-42A3-9474-1A3956D46DE8}") = "0_DTOs", "0_DTOs", "{02EA681E-C7D8-13C7-8484-4AC65E1B71E8}"
EndProject
Project("{2150E333-8FDC-42A3-9474-1A3956D46DE8}") = "1_DataAccess", "1_DataAccess", "{7F8C9FAB-301A-457C-B778-7154FCA3E3FA}"
EndProject
Project("{FAE04EC0-301F-11D3-BF4B-00C04F79EFBC}") = "DataAccess", "DataAccess\DataAccess.csproj", "{764C8DBA-5770-41F1-B755-011F28D4B61E}"
EndProject
Project("{2150E333-8FDC-42A3-9474-1A3956D46DE8}") = "2_CoreApp", "2_CoreApp", "{9B2EE22F-F0B9-4D9A-AA61-F8DB1AB27B0F}"
EndProject
Project("{FAE04EC0-301F-11D3-BF4B-00C04F79EFBC}") = "CoreApp", "CoreApp\CoreApp.csproj", "{A1F1F13B-F0D5-4ED6-9363-C358520E0C65}"
EndProject
Project("{2150E333-8FDC-42A3-9474-1A3956D46DE8}") = "3_Exceptions", "3_Exceptions", "{35570A71-5C5E-4E71-82DE-15CDAFAEB169}"
EndProject
Project("{FAE04EC0-301F-11D3-BF4B-00C04F79EFBC}") = "ExceptionManager", "ExceptionManager\ExceptionManager.csproj", "{0A9F9CD3-6E92-482D-83D0-2D8D51AC56CA}"
EndProject
Project("{2150E333-8FDC-42A3-9474-1A3956D46DE8}") = "4_WebAPI", "4_WebAPI", "{47461C1D-41AD-45CA-999E-D27CD3081BFF}"
EndProject
Project("{FAE04EC0-301F-11D3-BF4B-00C04F79EFBC}") = "WebAPI", "WebAPI\WebAPI.csproj", "{89972B2F-3015-4B15-9B44-B7D0C0C361BA}"
EndProject
Project("{2150E333-8FDC-42A3-9474-1A3956D46DE8}") = "5_WebApp", "5_WebApp", "{C6051EC4-3371-413D-97D6-10503CC20B5C}"
EndProject
Project("{FAE04EC0-301F-11D3-BF4B-00C04F79EFBC}") = "WebApp", "WebApp\WebApp.csproj", "{AC86EC3F-C04E-4FCA-B4DB-EEEDE2C82AD0}"
EndProject
Project("{2150E333-8FDC-42A3-9474-1A3956D46DE8}") = "99_Testing", "99_Testing", "{3F20779A-B3D5-429B-BCD7-4E3FA6769E02}"
EndProject
Project("{FAE04EC0-301F-11D3-BF4B-00C04F79EFBC}") = "DevTester", "DevTester\DevTester.csproj", "{FED9B2FA-FE41-49E4-8539-C55F53771B33}"
EndProject
Global
	GlobalSection(SolutionConfigurationPlatforms) = preSolution
		Debug|Any CPU = Debug|Any CPU
		Release|Any CPU = Release|Any CPU
	EndGlobalSection
	GlobalSection(ProjectConfigurationPlatforms) = postSolution
		{4BDDA337-1AAB-42C1-AE81-0424FF9CB932}.Debug|Any CPU.ActiveCfg = Debug|Any CPU
		{4BDDA337-1AAB-42C1-AE81-0424FF9CB932}.Debug|Any CPU.Build.0 = Debug|Any CPU
		{4BDDA337-1AAB-42C1-AE81-0424FF9CB932}.Release|Any CPU.ActiveCfg = Release|Any CPU
		{4BDDA337-1AAB-42C1-AE81-0424FF9CB932}.Release|Any CPU.Build.0 = Release|Any CPU
		{764C8DBA-5770-41F1-B755-011F28D4B61E}.Debug|Any CPU.ActiveCfg = Debug|Any CPU
		{764C8DBA-5770-41F1-B755-011F28D4B61E}.Debug|Any CPU.Build.0 = Debug|Any CPU
		{764C8DBA-5770-41F1-B755-011F28D4B61E}.Release|Any CPU.ActiveCfg = Release|Any CPU
		{764C8DBA-5770-41F1-B755-011F28D4B61E}.Release|Any CPU.Build.0 = Release|Any CPU
		{A1F1F13B-F0D5-4ED6-9363-C358520E0C65}.Debug|Any CPU.ActiveCfg = Debug|Any CPU
		{A1F1F13B-F0D5-4ED6-9363-C358520E0C65}.Debug|Any CPU.Build.0 = Debug|Any CPU
		{A1F1F13B-F0D5-4ED6-9363-C358520E0C65}.Release|Any CPU.ActiveCfg = Release|Any CPU
		{A1F1F13B-F0D5-4ED6-9363-C358520E0C65}.Release|Any CPU.Build.0 = Release|Any CPU
		{0A9F9CD3-6E92-482D-83D0-2D8D51AC56CA}.Debug|Any CPU.ActiveCfg = Debug|Any CPU
		{0A9F9CD3-6E92-482D-83D0-2D8D51AC56CA}.Debug|Any CPU.Build.0 = Debug|Any CPU
		{0A9F9CD3-6E92-482D-83D0-2D8D51AC56CA}.Release|Any CPU.ActiveCfg = Release|Any CPU
		{0A9F9CD3-6E92-482D-83D0-2D8D51AC56CA}.Release|Any CPU.Build.0 = Release|Any CPU
		{89972B2F-3015-4B15-9B44-B7D0C0C361BA}.Debug|Any CPU.ActiveCfg = Debug|Any CPU
		{89972B2F-3015-4B15-9B44-B7D0C0C361BA}.Debug|Any CPU.Build.0 = Debug|Any CPU
		{89972B2F-3015-4B15-9B44-B7D0C0C361BA}.Release|Any CPU.ActiveCfg = Release|Any CPU
		{89972B2F-3015-4B15-9B44-B7D0C0C361BA}.Release|Any CPU.Build.0 = Release|Any CPU
		{AC86EC3F-C04E-4FCA-B4DB-EEEDE2C82AD0}.Debug|Any CPU.ActiveCfg = Debug|Any CPU
		{AC86EC3F-C04E-4FCA-B4DB-EEEDE2C82AD0}.Debug|Any CPU.Build.0 = Debug|Any CPU
		{AC86EC3F-C04E-4FCA-B4DB-EEEDE2C82AD0}.Release|Any CPU.ActiveCfg = Release|Any CPU
		{AC86EC3F-C04E-4FCA-B4DB-EEEDE2C82AD0}.Release|Any CPU.Build.0 = Release|Any CPU
		{FED9B2FA-FE41-49E4-8539-C55F53771B33}.Debug|Any CPU.ActiveCfg = Debug|Any CPU
		{FED9B2FA-FE41-49E4-8539-C55F53771B33}.Debug|Any CPU.Build.0 = Debug|Any CPU
		{FED9B2FA-FE41-49E4-8539-C55F53771B33}.Release|Any CPU.ActiveCfg = Release|Any CPU
		{FED9B2FA-FE41-49E4-8539-C55F53771B33}.Release|Any CPU.Build.0 = Release|Any CPU
	EndGlobalSection
	GlobalSection(SolutionProperties) = preSolution
		HideSolutionNode = FALSE
	EndGlobalSection
	GlobalSection(NestedProjects) = preSolution
		{4BDDA337-1AAB-42C1-AE81-0424FF9CB932} = {02EA681E-C7D8-13C7-8484-4AC65E1B71E8}
		{764C8DBA-5770-41F1-B755-011F28D4B61E} = {7F8C9FAB-301A-457C-B778-7154FCA3E3FA}
		{A1F1F13B-F0D5-4ED6-9363-C358520E0C65} = {9B2EE22F-F0B9-4D9A-AA61-F8DB1AB27B0F}
		{0A9F9CD3-6E92-482D-83D0-2D8D51AC56CA} = {35570A71-5C5E-4E71-82DE-15CDAFAEB169}
		{89972B2F-3015-4B15-9B44-B7D0C0C361BA} = {47461C1D-41AD-45CA-999E-D27CD3081BFF}
		{AC86EC3F-C04E-4FCA-B4DB-EEEDE2C82AD0} = {C6051EC4-3371-413D-97D6-10503CC20B5C}
		{FED9B2FA-FE41-49E4-8539-C55F53771B33} = {3F20779A-B3D5-429B-BCD7-4E3FA6769E02}
	EndGlobalSection
	GlobalSection(ExtensibilityGlobals) = postSolution
		SolutionGuid = {2830DC53-357D-4659-844E-5E2E71DFA13A}
	EndGlobalSection
EndGlobal
